
Microsoft Visual Studio Solution File, Format Version 12.00
# Visual Studio 15
VisualStudioVersion = 15.0.27004.2008
MinimumVisualStudioVersion = 10.0.40219.1
Project("{FAE04EC0-301F-11D3-BF4B-00C04F79EFBC}") = "Capitulo01.Variaveis", "Capitulo01.Variaveis\Capitulo01.Variaveis.csproj", "{576308FB-D99B-4955-B835-BF03BD7402DC}"
EndProject
Project("{FAE04EC0-301F-11D3-BF4B-00C04F79EFBC}") = "Capitulo01.Troco", "Capitulo01.Troco\Capitulo01.Troco.csproj", "{F3222900-A1BA-480F-A541-C2F6565CC370}"
EndProject
Project("{FAE04EC0-301F-11D3-BF4B-00C04F79EFBC}") = "Capitulo02.Fretes", "Capitulo02.Fretes\Capitulo02.Fretes.csproj", "{BEDCB535-2B71-46B8-A106-84413E915292}"
EndProject
Project("{FAE04EC0-301F-11D3-BF4B-00C04F79EFBC}") = "Capitulo02.Tabuada", "Capitulo02.Tabuada\Capitulo02.Tabuada.csproj", "{621EAE77-DA60-431D-AD18-60C58AFB8BA0}"
EndProject
Project("{FAE04EC0-301F-11D3-BF4B-00C04F79EFBC}") = "Capitulo02.Repeticao.Testes", "Capitulo02.Repeticao.Testes\Capitulo02.Repeticao.Testes.csproj", "{AFBECDBE-DEEC-4AB8-9FD0-8F195E56B667}"
EndProject
Project("{FAE04EC0-301F-11D3-BF4B-00C04F79EFBC}") = "Oficina.Dominio", "Oficina.Dominio\Oficina.Dominio.csproj", "{58A0BD0D-9A88-473A-B512-B487BF0AD630}"
EndProject
Global
	GlobalSection(SolutionConfigurationPlatforms) = preSolution
		Debug|Any CPU = Debug|Any CPU
		Release|Any CPU = Release|Any CPU
	EndGlobalSection
	GlobalSection(ProjectConfigurationPlatforms) = postSolution
		{576308FB-D99B-4955-B835-BF03BD7402DC}.Debug|Any CPU.ActiveCfg = Debug|Any CPU
		{576308FB-D99B-4955-B835-BF03BD7402DC}.Debug|Any CPU.Build.0 = Debug|Any CPU
		{576308FB-D99B-4955-B835-BF03BD7402DC}.Release|Any CPU.ActiveCfg = Release|Any CPU
		{576308FB-D99B-4955-B835-BF03BD7402DC}.Release|Any CPU.Build.0 = Release|Any CPU
		{F3222900-A1BA-480F-A541-C2F6565CC370}.Debug|Any CPU.ActiveCfg = Debug|Any CPU
		{F3222900-A1BA-480F-A541-C2F6565CC370}.Debug|Any CPU.Build.0 = Debug|Any CPU
		{F3222900-A1BA-480F-A541-C2F6565CC370}.Release|Any CPU.ActiveCfg = Release|Any CPU
		{F3222900-A1BA-480F-A541-C2F6565CC370}.Release|Any CPU.Build.0 = Release|Any CPU
		{BEDCB535-2B71-46B8-A106-84413E915292}.Debug|Any CPU.ActiveCfg = Debug|Any CPU
		{BEDCB535-2B71-46B8-A106-84413E915292}.Debug|Any CPU.Build.0 = Debug|Any CPU
		{BEDCB535-2B71-46B8-A106-84413E915292}.Release|Any CPU.ActiveCfg = Release|Any CPU
		{BEDCB535-2B71-46B8-A106-84413E915292}.Release|Any CPU.Build.0 = Release|Any CPU
		{621EAE77-DA60-431D-AD18-60C58AFB8BA0}.Debug|Any CPU.ActiveCfg = Debug|Any CPU
		{621EAE77-DA60-431D-AD18-60C58AFB8BA0}.Debug|Any CPU.Build.0 = Debug|Any CPU
		{621EAE77-DA60-431D-AD18-60C58AFB8BA0}.Release|Any CPU.ActiveCfg = Release|Any CPU
		{621EAE77-DA60-431D-AD18-60C58AFB8BA0}.Release|Any CPU.Build.0 = Release|Any CPU
		{AFBECDBE-DEEC-4AB8-9FD0-8F195E56B667}.Debug|Any CPU.ActiveCfg = Debug|Any CPU
		{AFBECDBE-DEEC-4AB8-9FD0-8F195E56B667}.Debug|Any CPU.Build.0 = Debug|Any CPU
		{AFBECDBE-DEEC-4AB8-9FD0-8F195E56B667}.Release|Any CPU.ActiveCfg = Release|Any CPU
		{AFBECDBE-DEEC-4AB8-9FD0-8F195E56B667}.Release|Any CPU.Build.0 = Release|Any CPU
		{58A0BD0D-9A88-473A-B512-B487BF0AD630}.Debug|Any CPU.ActiveCfg = Debug|Any CPU
		{58A0BD0D-9A88-473A-B512-B487BF0AD630}.Debug|Any CPU.Build.0 = Debug|Any CPU
		{58A0BD0D-9A88-473A-B512-B487BF0AD630}.Release|Any CPU.ActiveCfg = Release|Any CPU
		{58A0BD0D-9A88-473A-B512-B487BF0AD630}.Release|Any CPU.Build.0 = Release|Any CPU
	EndGlobalSection
	GlobalSection(SolutionProperties) = preSolution
		HideSolutionNode = FALSE
	EndGlobalSection
	GlobalSection(ExtensibilityGlobals) = postSolution
		SolutionGuid = {E7788C0D-1F0A-45F7-8D8D-625A5E0DBB3F}
	EndGlobalSection
EndGlobal
