
Microsoft Visual Studio Solution File, Format Version 12.00
# Visual Studio 15
VisualStudioVersion = 15.0.27130.2036
MinimumVisualStudioVersion = 10.0.40219.1
Project("{FAE04EC0-301F-11D3-BF4B-00C04F79EFBC}") = "Capitulo01.Variaveis", "Capitulo01.Variaveis\Capitulo01.Variaveis.csproj", "{8177E0EB-630F-4CB8-A675-E079ECD77BC7}"
EndProject
Project("{FAE04EC0-301F-11D3-BF4B-00C04F79EFBC}") = "Capitulo01.Troco", "Capitulo01.Troco\Capitulo01.Troco.csproj", "{23413753-A221-4481-99FF-D2699F86BCF9}"
EndProject
Project("{FAE04EC0-301F-11D3-BF4B-00C04F79EFBC}") = "Capitulo02.Fretes", "Capitulo02.Fretes\Capitulo02.Fretes.csproj", "{A2F4274C-A0F2-4758-B155-1093F79DDDB1}"
EndProject
Project("{FAE04EC0-301F-11D3-BF4B-00C04F79EFBC}") = "Capitulo02.Tabuada", "Capitulo02.Tabuada\Capitulo02.Tabuada.csproj", "{FB38F395-A2F5-40DF-9407-577570D1E938}"
EndProject
Project("{FAE04EC0-301F-11D3-BF4B-00C04F79EFBC}") = "Capitulo02.Repeticao.Testes", "Capitulo02.Repeticao.Testes\Capitulo02.Repeticao.Testes.csproj", "{1EBED5AC-4B56-42CA-B0F5-D9A73DFA9C64}"
EndProject
Project("{FAE04EC0-301F-11D3-BF4B-00C04F79EFBC}") = "Oficina.Dominio", "Oficina.Dominio\Oficina.Dominio.csproj", "{19B91507-6B7E-4AC1-B64C-92B63F013EFC}"
EndProject
Project("{FAE04EC0-301F-11D3-BF4B-00C04F79EFBC}") = "Oficina.Repositorios.SistemaArquivos", "Oficina.Repositorios.SistemaArquivos\Oficina.Repositorios.SistemaArquivos.csproj", "{22B422AF-1070-41B0-BF96-0DB4031A0FC6}"
EndProject
Project("{FAE04EC0-301F-11D3-BF4B-00C04F79EFBC}") = "Oficina.Repositorios.SistemaArquivosTests", "Oficina.Repositorios.SistemaArquivosTests\Oficina.Repositorios.SistemaArquivosTests.csproj", "{ECB773CB-DE11-4D02-B12B-E25D78318995}"
EndProject
Project("{2150E333-8FDC-42A3-9474-1A3956D46DE8}") = "Oficina", "Oficina", "{2CA8AE04-987C-4DCA-A10C-61206149D3B7}"
EndProject
Project("{FAE04EC0-301F-11D3-BF4B-00C04F79EFBC}") = "Capitulo06.Http.Testes", "Capitulo06.Http.Testes\Capitulo06.Http.Testes.csproj", "{7C531AFB-08E1-4323-9E84-DB6FB2E950D8}"
EndProject
Project("{FAE04EC0-301F-11D3-BF4B-00C04F79EFBC}") = "Oficina.AspNet", "Oficina.AspNet\Oficina.AspNet.csproj", "{EF0FF27A-F20C-42D6-9D9B-28B50F957605}"
EndProject
Project("{FAE04EC0-301F-11D3-BF4B-00C04F79EFBC}") = "Capitulo04.Colecoes.Testes", "Capitulo04.Colecoes.Testes\Capitulo04.Colecoes.Testes.csproj", "{7A89D17E-28F0-4E0B-8F30-9725DD55F40A}"
EndProject
Project("{2150E333-8FDC-42A3-9474-1A3956D46DE8}") = "Pessoal", "Pessoal", "{97763C78-9A3B-4FC3-9496-54B8F006AD62}"
EndProject
Project("{FAE04EC0-301F-11D3-BF4B-00C04F79EFBC}") = "Pessoal.Dominio", "Pessoal.Dominio\Pessoal.Dominio.csproj", "{10DB92A6-F343-4622-BE39-8A062BADD792}"
EndProject
Project("{FAE04EC0-301F-11D3-BF4B-00C04F79EFBC}") = "Pessoal.Repositorios.SqlServer", "Pessoal.Repositorios.SqlServer\Pessoal.Repositorios.SqlServer.csproj", "{11FF5A1A-3DFD-4A21-9E9A-FCD7D61EC7FB}"
EndProject
Project("{FAE04EC0-301F-11D3-BF4B-00C04F79EFBC}") = "Pessoal.Repositorios.SqlServerTests", "Pessoal.Repositorios.SqlServerTests\Pessoal.Repositorios.SqlServerTests.csproj", "{0558B46C-1778-4886-9145-8C161181A817}"
EndProject
Global
	GlobalSection(SolutionConfigurationPlatforms) = preSolution
		Debug|Any CPU = Debug|Any CPU
		Release|Any CPU = Release|Any CPU
	EndGlobalSection
	GlobalSection(ProjectConfigurationPlatforms) = postSolution
		{8177E0EB-630F-4CB8-A675-E079ECD77BC7}.Debug|Any CPU.ActiveCfg = Debug|Any CPU
		{8177E0EB-630F-4CB8-A675-E079ECD77BC7}.Debug|Any CPU.Build.0 = Debug|Any CPU
		{8177E0EB-630F-4CB8-A675-E079ECD77BC7}.Release|Any CPU.ActiveCfg = Release|Any CPU
		{8177E0EB-630F-4CB8-A675-E079ECD77BC7}.Release|Any CPU.Build.0 = Release|Any CPU
		{23413753-A221-4481-99FF-D2699F86BCF9}.Debug|Any CPU.ActiveCfg = Debug|Any CPU
		{23413753-A221-4481-99FF-D2699F86BCF9}.Debug|Any CPU.Build.0 = Debug|Any CPU
		{23413753-A221-4481-99FF-D2699F86BCF9}.Release|Any CPU.ActiveCfg = Release|Any CPU
		{23413753-A221-4481-99FF-D2699F86BCF9}.Release|Any CPU.Build.0 = Release|Any CPU
		{A2F4274C-A0F2-4758-B155-1093F79DDDB1}.Debug|Any CPU.ActiveCfg = Debug|Any CPU
		{A2F4274C-A0F2-4758-B155-1093F79DDDB1}.Debug|Any CPU.Build.0 = Debug|Any CPU
		{A2F4274C-A0F2-4758-B155-1093F79DDDB1}.Release|Any CPU.ActiveCfg = Release|Any CPU
		{A2F4274C-A0F2-4758-B155-1093F79DDDB1}.Release|Any CPU.Build.0 = Release|Any CPU
		{FB38F395-A2F5-40DF-9407-577570D1E938}.Debug|Any CPU.ActiveCfg = Debug|Any CPU
		{FB38F395-A2F5-40DF-9407-577570D1E938}.Debug|Any CPU.Build.0 = Debug|Any CPU
		{FB38F395-A2F5-40DF-9407-577570D1E938}.Release|Any CPU.ActiveCfg = Release|Any CPU
		{FB38F395-A2F5-40DF-9407-577570D1E938}.Release|Any CPU.Build.0 = Release|Any CPU
		{1EBED5AC-4B56-42CA-B0F5-D9A73DFA9C64}.Debug|Any CPU.ActiveCfg = Debug|Any CPU
		{1EBED5AC-4B56-42CA-B0F5-D9A73DFA9C64}.Debug|Any CPU.Build.0 = Debug|Any CPU
		{1EBED5AC-4B56-42CA-B0F5-D9A73DFA9C64}.Release|Any CPU.ActiveCfg = Release|Any CPU
		{1EBED5AC-4B56-42CA-B0F5-D9A73DFA9C64}.Release|Any CPU.Build.0 = Release|Any CPU
		{19B91507-6B7E-4AC1-B64C-92B63F013EFC}.Debug|Any CPU.ActiveCfg = Debug|Any CPU
		{19B91507-6B7E-4AC1-B64C-92B63F013EFC}.Debug|Any CPU.Build.0 = Debug|Any CPU
		{19B91507-6B7E-4AC1-B64C-92B63F013EFC}.Release|Any CPU.ActiveCfg = Release|Any CPU
		{19B91507-6B7E-4AC1-B64C-92B63F013EFC}.Release|Any CPU.Build.0 = Release|Any CPU
		{22B422AF-1070-41B0-BF96-0DB4031A0FC6}.Debug|Any CPU.ActiveCfg = Debug|Any CPU
		{22B422AF-1070-41B0-BF96-0DB4031A0FC6}.Debug|Any CPU.Build.0 = Debug|Any CPU
		{22B422AF-1070-41B0-BF96-0DB4031A0FC6}.Release|Any CPU.ActiveCfg = Release|Any CPU
		{22B422AF-1070-41B0-BF96-0DB4031A0FC6}.Release|Any CPU.Build.0 = Release|Any CPU
		{ECB773CB-DE11-4D02-B12B-E25D78318995}.Debug|Any CPU.ActiveCfg = Debug|Any CPU
		{ECB773CB-DE11-4D02-B12B-E25D78318995}.Debug|Any CPU.Build.0 = Debug|Any CPU
		{ECB773CB-DE11-4D02-B12B-E25D78318995}.Release|Any CPU.ActiveCfg = Release|Any CPU
		{ECB773CB-DE11-4D02-B12B-E25D78318995}.Release|Any CPU.Build.0 = Release|Any CPU
		{7C531AFB-08E1-4323-9E84-DB6FB2E950D8}.Debug|Any CPU.ActiveCfg = Debug|Any CPU
		{7C531AFB-08E1-4323-9E84-DB6FB2E950D8}.Debug|Any CPU.Build.0 = Debug|Any CPU
		{7C531AFB-08E1-4323-9E84-DB6FB2E950D8}.Release|Any CPU.ActiveCfg = Release|Any CPU
		{7C531AFB-08E1-4323-9E84-DB6FB2E950D8}.Release|Any CPU.Build.0 = Release|Any CPU
		{EF0FF27A-F20C-42D6-9D9B-28B50F957605}.Debug|Any CPU.ActiveCfg = Debug|Any CPU
		{EF0FF27A-F20C-42D6-9D9B-28B50F957605}.Debug|Any CPU.Build.0 = Debug|Any CPU
		{EF0FF27A-F20C-42D6-9D9B-28B50F957605}.Release|Any CPU.ActiveCfg = Release|Any CPU
		{EF0FF27A-F20C-42D6-9D9B-28B50F957605}.Release|Any CPU.Build.0 = Release|Any CPU
		{7A89D17E-28F0-4E0B-8F30-9725DD55F40A}.Debug|Any CPU.ActiveCfg = Debug|Any CPU
		{7A89D17E-28F0-4E0B-8F30-9725DD55F40A}.Debug|Any CPU.Build.0 = Debug|Any CPU
		{7A89D17E-28F0-4E0B-8F30-9725DD55F40A}.Release|Any CPU.ActiveCfg = Release|Any CPU
		{7A89D17E-28F0-4E0B-8F30-9725DD55F40A}.Release|Any CPU.Build.0 = Release|Any CPU
		{10DB92A6-F343-4622-BE39-8A062BADD792}.Debug|Any CPU.ActiveCfg = Debug|Any CPU
		{10DB92A6-F343-4622-BE39-8A062BADD792}.Debug|Any CPU.Build.0 = Debug|Any CPU
		{10DB92A6-F343-4622-BE39-8A062BADD792}.Release|Any CPU.ActiveCfg = Release|Any CPU
		{10DB92A6-F343-4622-BE39-8A062BADD792}.Release|Any CPU.Build.0 = Release|Any CPU
		{11FF5A1A-3DFD-4A21-9E9A-FCD7D61EC7FB}.Debug|Any CPU.ActiveCfg = Debug|Any CPU
		{11FF5A1A-3DFD-4A21-9E9A-FCD7D61EC7FB}.Debug|Any CPU.Build.0 = Debug|Any CPU
		{11FF5A1A-3DFD-4A21-9E9A-FCD7D61EC7FB}.Release|Any CPU.ActiveCfg = Release|Any CPU
		{11FF5A1A-3DFD-4A21-9E9A-FCD7D61EC7FB}.Release|Any CPU.Build.0 = Release|Any CPU
		{0558B46C-1778-4886-9145-8C161181A817}.Debug|Any CPU.ActiveCfg = Debug|Any CPU
		{0558B46C-1778-4886-9145-8C161181A817}.Debug|Any CPU.Build.0 = Debug|Any CPU
		{0558B46C-1778-4886-9145-8C161181A817}.Release|Any CPU.ActiveCfg = Release|Any CPU
		{0558B46C-1778-4886-9145-8C161181A817}.Release|Any CPU.Build.0 = Release|Any CPU
	EndGlobalSection
	GlobalSection(SolutionProperties) = preSolution
		HideSolutionNode = FALSE
	EndGlobalSection
	GlobalSection(NestedProjects) = preSolution
		{19B91507-6B7E-4AC1-B64C-92B63F013EFC} = {2CA8AE04-987C-4DCA-A10C-61206149D3B7}
		{22B422AF-1070-41B0-BF96-0DB4031A0FC6} = {2CA8AE04-987C-4DCA-A10C-61206149D3B7}
		{ECB773CB-DE11-4D02-B12B-E25D78318995} = {2CA8AE04-987C-4DCA-A10C-61206149D3B7}
		{EF0FF27A-F20C-42D6-9D9B-28B50F957605} = {2CA8AE04-987C-4DCA-A10C-61206149D3B7}
		{10DB92A6-F343-4622-BE39-8A062BADD792} = {97763C78-9A3B-4FC3-9496-54B8F006AD62}
		{11FF5A1A-3DFD-4A21-9E9A-FCD7D61EC7FB} = {97763C78-9A3B-4FC3-9496-54B8F006AD62}
		{0558B46C-1778-4886-9145-8C161181A817} = {97763C78-9A3B-4FC3-9496-54B8F006AD62}
	EndGlobalSection
	GlobalSection(ExtensibilityGlobals) = postSolution
		SolutionGuid = {CF2A6197-E629-49E9-9FD2-C73F4BD21901}
	EndGlobalSection
EndGlobal
